{
  "name": "matterbridge-ac-freedom",
  "version": "1.0.0",
  "lockfileVersion": 3,
  "requires": true,
  "packages": {
    "": {
      "name": "matterbridge-ac-freedom",
      "version": "1.0.0",
      "license": "Apache-2.0",
      "dependencies": {
        "node-ansi-logger": "3.2.0",
        "node-persist-manager": "2.0.1"
      },
      "devDependencies": {
        "@types/node": "22.15.3",
        "typescript": "5.8.3"
      },
      "engines": {
        "node": ">=20.0.0"
      }
    },
    "node_modules/@types/node": {
      "version": "22.15.3",
      "resolved": "https://registry.npmjs.org/@types/node/-/node-22.15.3.tgz",
      "integrity": "sha512-lX7HFZeHf4QG/J7tBZqrCAXwz9J5RD56Y6MpP0eJkka8p+K0RY/yBTW7CYFJ4VGCclxqOLKmiGP5juQc6MKgcw==",
      "dev": true,
      "license": "MIT",
      "dependencies": {
        "undici-types": "~6.21.0"
      }
    },
    "node_modules/node-ansi-logger": {
      "version": "3.2.0",
      "resolved": "https://registry.npmjs.org/node-ansi-logger/-/node-ansi-logger-3.2.0.tgz",
      "integrity": "sha512-HvKsTZpMSrEkO2x2egSvTpjgWkVpYO0xsXNxmCG+7vi0Ohs5yy9EdTKbTPYbNwzXY70g7nqsE10yE+Tsw5MA8w==",
      "hasShrinkwrap": true,
      "license": "Apache-2.0",
      "engines": {
        "node": ">=20.0.0 <21.0.0 || >=22.0.0 <23.0.0 || >=24.0.0 <25.0.0"
      },
      "funding": {
        "type": "buymeacoffee",
        "url": "https://www.buymeacoffee.com/luligugithub"
      }
    },
    "node_modules/node-persist-manager": {
      "version": "2.0.1",
      "resolved": "https://registry.npmjs.org/node-persist-manager/-/node-persist-manager-2.0.1.tgz",
      "integrity": "sha512-uCnZd8YZSaaYkxhFdOtzC4Q0uix+z5Cfnq5RbL43OKKFvU/6Ms/kZtXWF4CrlhIX9CBKAPUtV7pIUQy85nYc8g==",
      "hasShrinkwrap": true,
      "license": "Apache-2.0",
      "dependencies": {
        "node-persist": "4.0.4"
      },
      "engines": {
        "node": ">=20.0.0 <21.0.0 || >=22.0.0 <23.0.0 || >=24.0.0 <25.0.0"
      },
      "funding": {
        "type": "buymeacoffee",
        "url": "https://www.buymeacoffee.com/luligugithub"
      }
    },
    "node_modules/node-persist-manager/node_modules/node-persist": {
      "version": "4.0.4",
      "resolved": "https://registry.npmjs.org/node-persist/-/node-persist-4.0.4.tgz",
      "integrity": "sha512-8sPAz/7tw1mCCc8xBG4f0wi+flHkSSgQeX998iQ75Pu27evA6UUWCjSE7xnrYTg2q33oU5leJ061EKPDv6BocQ==",
      "license": "MIT",
      "dependencies": {
        "p-limit": "^3.1.0"
      },
      "engines": {
        "node": ">=10.12.0"
      }
    },
    "node_modules/node-persist-manager/node_modules/p-limit": {
      "version": "3.1.0",
      "resolved": "https://registry.npmjs.org/p-limit/-/p-limit-3.1.0.tgz",
      "integrity": "sha512-TYOanM3wGwNGsZN2cVTYPArw454xnXj5qmWF1bEoAc4+cU/ol7GVh7odevjp1FNHduHc3KZMcFduxU5Xc6uJRQ==",
      "license": "MIT",
      "dependencies": {
        "yocto-queue": "^0.1.0"
      },
      "engines": {
        "node": ">=10"
      },
      "funding": {
        "url": "https://github.com/sponsors/sindresorhus"
      }
    },
    "node_modules/node-persist-manager/node_modules/yocto-queue": {
      "version": "0.1.0",
      "resolved": "https://registry.npmjs.org/yocto-queue/-/yocto-queue-0.1.0.tgz",
      "integrity": "sha512-rVksvsnNCdJ/ohGc6xgPwyN8eheCxsiLM8mxuE/t/mOVqJewPuO1miLpTHQiRgTKCLexL4MeAFVagts7HmNZ2Q==",
      "license": "MIT",
      "engines": {
        "node": ">=10"
      },
      "funding": {
        "url": "https://github.com/sponsors/sindresorhus"
      }
    },
    "node_modules/typescript": {
      "version": "5.8.3",
      "resolved": "https://registry.npmjs.org/typescript/-/typescript-5.8.3.tgz",
      "integrity": "sha512-p1diW6TqL9L07nNxvRMM7hMMw4c5XOo/1ibL4aAIGmSAt9slTE1Xgw5KWuof2uTOvCg9BY7ZRi+GaF+7sfgPeQ==",
      "dev": true,
      "license": "Apache-2.0",
      "bin": {
        "tsc": "bin/tsc",
        "tsserver": "bin/tsserver"
      },
      "engines": {
        "node": ">=14.17"
      }
    },
    "node_modules/undici-types": {
      "version": "6.21.0",
      "resolved": "https://registry.npmjs.org/undici-types/-/undici-types-6.21.0.tgz",
      "integrity": "sha512-iwDZqg0QAGrg9Rav5H4n0M64c3mkR59cJ6wQp+7C4nI0gsmExaedaYLNO44eT4AtBBwjbTiGPMlt2Md0T9H9JQ==",
      "dev": true,
      "license": "MIT"
    }
  }
}
